// !$*UTF8*$!
{
	archiveVersion = 1;
	classes = {
	};
	objectVersion = 50;
	objects = {

/* Begin PBXBuildFile section */
		D696CCAE24A1285E00306586 /* AppDelegate.swift in Sources */ = {isa = PBXBuildFile; fileRef = D696CCAD24A1285E00306586 /* AppDelegate.swift */; };
		D696CCB024A1285E00306586 /* SceneDelegate.swift in Sources */ = {isa = PBXBuildFile; fileRef = D696CCAF24A1285E00306586 /* SceneDelegate.swift */; };
		D696CCB224A1285E00306586 /* ViewController.swift in Sources */ = {isa = PBXBuildFile; fileRef = D696CCB124A1285E00306586 /* ViewController.swift */; };
		D696CCB524A1285E00306586 /* Main.storyboard in Resources */ = {isa = PBXBuildFile; fileRef = D696CCB324A1285E00306586 /* Main.storyboard */; };
		D696CCB724A1285F00306586 /* Assets.xcassets in Resources */ = {isa = PBXBuildFile; fileRef = D696CCB624A1285F00306586 /* Assets.xcassets */; };
		D696CCBA24A1285F00306586 /* LaunchScreen.storyboard in Resources */ = {isa = PBXBuildFile; fileRef = D696CCB824A1285F00306586 /* LaunchScreen.storyboard */; };
		D696CCC524A1285F00306586 /* Apple_PieTests.swift in Sources */ = {isa = PBXBuildFile; fileRef = D696CCC424A1285F00306586 /* Apple_PieTests.swift */; };
		D696CCD024A1285F00306586 /* Apple_PieUITests.swift in Sources */ = {isa = PBXBuildFile; fileRef = D696CCCF24A1285F00306586 /* Apple_PieUITests.swift */; };
		D696CCE024A1357A00306586 /* Tree 1.pdf in Resources */ = {isa = PBXBuildFile; fileRef = D696CCDF24A1357A00306586 /* Tree 1.pdf */; };
		D696CCE224A1358800306586 /* Tree 2.pdf in Resources */ = {isa = PBXBuildFile; fileRef = D696CCE124A1358800306586 /* Tree 2.pdf */; };
		D696CCE824A1359F00306586 /* Tree 7.pdf in Resources */ = {isa = PBXBuildFile; fileRef = D696CCE324A1359F00306586 /* Tree 7.pdf */; };
		D696CCE924A1359F00306586 /* Tree 5.pdf in Resources */ = {isa = PBXBuildFile; fileRef = D696CCE424A1359F00306586 /* Tree 5.pdf */; };
		D696CCEA24A1359F00306586 /* Tree 4.pdf in Resources */ = {isa = PBXBuildFile; fileRef = D696CCE524A1359F00306586 /* Tree 4.pdf */; };
		D696CCEB24A1359F00306586 /* Tree 3.pdf in Resources */ = {isa = PBXBuildFile; fileRef = D696CCE624A1359F00306586 /* Tree 3.pdf */; };
		D696CCEC24A1359F00306586 /* Tree 6.pdf in Resources */ = {isa = PBXBuildFile; fileRef = D696CCE724A1359F00306586 /* Tree 6.pdf */; };
		D696CCEE24A13C4800306586 /* Tree 0.pdf in Resources */ = {isa = PBXBuildFile; fileRef = D696CCED24A13C4800306586 /* Tree 0.pdf */; };
		D696CCF024A1424400306586 /* Game.swift in Sources */ = {isa = PBXBuildFile; fileRef = D696CCEF24A1424400306586 /* Game.swift */; };
/* End PBXBuildFile section */

/* Begin PBXContainerItemProxy section */
		D696CCC124A1285F00306586 /* PBXContainerItemProxy */ = {
			isa = PBXContainerItemProxy;
			containerPortal = D696CCA224A1285E00306586 /* Project object */;
			proxyType = 1;
			remoteGlobalIDString = D696CCA924A1285E00306586;
			remoteInfo = "Apple Pie";
		};
		D696CCCC24A1285F00306586 /* PBXContainerItemProxy */ = {
			isa = PBXContainerItemProxy;
			containerPortal = D696CCA224A1285E00306586 /* Project object */;
			proxyType = 1;
			remoteGlobalIDString = D696CCA924A1285E00306586;
			remoteInfo = "Apple Pie";
		};
/* End PBXContainerItemProxy section */

/* Begin PBXFileReference section */
		D696CCAA24A1285E00306586 /* Apple Pie.app */ = {isa = PBXFileReference; explicitFileType = wrapper.application; includeInIndex = 0; path = "Apple Pie.app"; sourceTree = BUILT_PRODUCTS_DIR; };
		D696CCAD24A1285E00306586 /* AppDelegate.swift */ = {isa = PBXFileReference; lastKnownFileType = sourcecode.swift; path = AppDelegate.swift; sourceTree = "<group>"; };
		D696CCAF24A1285E00306586 /* SceneDelegate.swift */ = {isa = PBXFileReference; lastKnownFileType = sourcecode.swift; path = SceneDelegate.swift; sourceTree = "<group>"; };
		D696CCB124A1285E00306586 /* ViewController.swift */ = {isa = PBXFileReference; lastKnownFileType = sourcecode.swift; path = ViewController.swift; sourceTree = "<group>"; };
		D696CCB424A1285E00306586 /* Base */ = {isa = PBXFileReference; lastKnownFileType = file.storyboard; name = Base; path = Base.lproj/Main.storyboard; sourceTree = "<group>"; };
		D696CCB624A1285F00306586 /* Assets.xcassets */ = {isa = PBXFileReference; lastKnownFileType = folder.assetcatalog; path = Assets.xcassets; sourceTree = "<group>"; };
		D696CCB924A1285F00306586 /* Base */ = {isa = PBXFileReference; lastKnownFileType = file.storyboard; name = Base; path = Base.lproj/LaunchScreen.storyboard; sourceTree = "<group>"; };
		D696CCBB24A1285F00306586 /* Info.plist */ = {isa = PBXFileReference; lastKnownFileType = text.plist.xml; path = Info.plist; sourceTree = "<group>"; };
		D696CCC024A1285F00306586 /* Apple PieTests.xctest */ = {isa = PBXFileReference; explicitFileType = wrapper.cfbundle; includeInIndex = 0; path = "Apple PieTests.xctest"; sourceTree = BUILT_PRODUCTS_DIR; };
		D696CCC424A1285F00306586 /* Apple_PieTests.swift */ = {isa = PBXFileReference; lastKnownFileType = sourcecode.swift; path = Apple_PieTests.swift; sourceTree = "<group>"; };
		D696CCC624A1285F00306586 /* Info.plist */ = {isa = PBXFileReference; lastKnownFileType = text.plist.xml; path = Info.plist; sourceTree = "<group>"; };
		D696CCCB24A1285F00306586 /* Apple PieUITests.xctest */ = {isa = PBXFileReference; explicitFileType = wrapper.cfbundle; includeInIndex = 0; path = "Apple PieUITests.xctest"; sourceTree = BUILT_PRODUCTS_DIR; };
		D696CCCF24A1285F00306586 /* Apple_PieUITests.swift */ = {isa = PBXFileReference; lastKnownFileType = sourcecode.swift; path = Apple_PieUITests.swift; sourceTree = "<group>"; };
		D696CCD124A1285F00306586 /* Info.plist */ = {isa = PBXFileReference; lastKnownFileType = text.plist.xml; path = Info.plist; sourceTree = "<group>"; };
		D696CCDF24A1357A00306586 /* Tree 1.pdf */ = {isa = PBXFileReference; lastKnownFileType = image.pdf; name = "Tree 1.pdf"; path = "../../../../Student Resources/2 - Introduction to UIKit/Guided Project - Apple Pie/Tree 1.pdf"; sourceTree = "<group>"; };
		D696CCE124A1358800306586 /* Tree 2.pdf */ = {isa = PBXFileReference; lastKnownFileType = image.pdf; name = "Tree 2.pdf"; path = "../../../../Student Resources/2 - Introduction to UIKit/Guided Project - Apple Pie/Tree 2.pdf"; sourceTree = "<group>"; };
		D696CCE324A1359F00306586 /* Tree 7.pdf */ = {isa = PBXFileReference; lastKnownFileType = image.pdf; name = "Tree 7.pdf"; path = "../../../../Student Resources/2 - Introduction to UIKit/Guided Project - Apple Pie/Tree 7.pdf"; sourceTree = "<group>"; };
		D696CCE424A1359F00306586 /* Tree 5.pdf */ = {isa = PBXFileReference; lastKnownFileType = image.pdf; name = "Tree 5.pdf"; path = "../../../../Student Resources/2 - Introduction to UIKit/Guided Project - Apple Pie/Tree 5.pdf"; sourceTree = "<group>"; };
		D696CCE524A1359F00306586 /* Tree 4.pdf */ = {isa = PBXFileReference; lastKnownFileType = image.pdf; name = "Tree 4.pdf"; path = "../../../../Student Resources/2 - Introduction to UIKit/Guided Project - Apple Pie/Tree 4.pdf"; sourceTree = "<group>"; };
		D696CCE624A1359F00306586 /* Tree 3.pdf */ = {isa = PBXFileReference; lastKnownFileType = image.pdf; name = "Tree 3.pdf"; path = "../../../../Student Resources/2 - Introduction to UIKit/Guided Project - Apple Pie/Tree 3.pdf"; sourceTree = "<group>"; };
		D696CCE724A1359F00306586 /* Tree 6.pdf */ = {isa = PBXFileReference; lastKnownFileType = image.pdf; name = "Tree 6.pdf"; path = "../../../../Student Resources/2 - Introduction to UIKit/Guided Project - Apple Pie/Tree 6.pdf"; sourceTree = "<group>"; };
		D696CCED24A13C4800306586 /* Tree 0.pdf */ = {isa = PBXFileReference; lastKnownFileType = image.pdf; name = "Tree 0.pdf"; path = "../../../../Student Resources/2 - Introduction to UIKit/Guided Project - Apple Pie/Tree 0.pdf"; sourceTree = "<group>"; };
		D696CCEF24A1424400306586 /* Game.swift */ = {isa = PBXFileReference; lastKnownFileType = sourcecode.swift; path = Game.swift; sourceTree = "<group>"; };
/* End PBXFileReference section */

/* Begin PBXFrameworksBuildPhase section */
		D696CCA724A1285E00306586 /* Frameworks */ = {
			isa = PBXFrameworksBuildPhase;
			buildActionMask = 2147483647;
			files = (
			);
			runOnlyForDeploymentPostprocessing = 0;
		};
		D696CCBD24A1285F00306586 /* Frameworks */ = {
			isa = PBXFrameworksBuildPhase;
			buildActionMask = 2147483647;
			files = (
			);
			runOnlyForDeploymentPostprocessing = 0;
		};
		D696CCC824A1285F00306586 /* Frameworks */ = {
			isa = PBXFrameworksBuildPhase;
			buildActionMask = 2147483647;
			files = (
			);
			runOnlyForDeploymentPostprocessing = 0;
		};
/* End PBXFrameworksBuildPhase section */

/* Begin PBXGroup section */
		D696CCA124A1285E00306586 = {
			isa = PBXGroup;
			children = (
				D696CCAC24A1285E00306586 /* Apple Pie */,
				D696CCC324A1285F00306586 /* Apple PieTests */,
				D696CCCE24A1285F00306586 /* Apple PieUITests */,
				D696CCAB24A1285E00306586 /* Products */,
			);
			sourceTree = "<group>";
		};
		D696CCAB24A1285E00306586 /* Products */ = {
			isa = PBXGroup;
			children = (
				D696CCAA24A1285E00306586 /* Apple Pie.app */,
				D696CCC024A1285F00306586 /* Apple PieTests.xctest */,
				D696CCCB24A1285F00306586 /* Apple PieUITests.xctest */,
			);
			name = Products;
			sourceTree = "<group>";
		};
		D696CCAC24A1285E00306586 /* Apple Pie */ = {
			isa = PBXGroup;
			children = (
				D696CCAD24A1285E00306586 /* AppDelegate.swift */,
				D696CCAF24A1285E00306586 /* SceneDelegate.swift */,
				D696CCB124A1285E00306586 /* ViewController.swift */,
				D696CCB324A1285E00306586 /* Main.storyboard */,
				D696CCEF24A1424400306586 /* Game.swift */,
				D696CCB624A1285F00306586 /* Assets.xcassets */,
				D696CCED24A13C4800306586 /* Tree 0.pdf */,
				D696CCDF24A1357A00306586 /* Tree 1.pdf */,
				D696CCE124A1358800306586 /* Tree 2.pdf */,
				D696CCE624A1359F00306586 /* Tree 3.pdf */,
				D696CCE524A1359F00306586 /* Tree 4.pdf */,
				D696CCE424A1359F00306586 /* Tree 5.pdf */,
				D696CCE724A1359F00306586 /* Tree 6.pdf */,
				D696CCE324A1359F00306586 /* Tree 7.pdf */,
				D696CCB824A1285F00306586 /* LaunchScreen.storyboard */,
				D696CCBB24A1285F00306586 /* Info.plist */,
			);
			path = "Apple Pie";
			sourceTree = "<group>";
		};
		D696CCC324A1285F00306586 /* Apple PieTests */ = {
			isa = PBXGroup;
			children = (
				D696CCC424A1285F00306586 /* Apple_PieTests.swift */,
				D696CCC624A1285F00306586 /* Info.plist */,
			);
			path = "Apple PieTests";
			sourceTree = "<group>";
		};
		D696CCCE24A1285F00306586 /* Apple PieUITests */ = {
			isa = PBXGroup;
			children = (
				D696CCCF24A1285F00306586 /* Apple_PieUITests.swift */,
				D696CCD124A1285F00306586 /* Info.plist */,
			);
			path = "Apple PieUITests";
			sourceTree = "<group>";
		};
/* End PBXGroup section */

/* Begin PBXNativeTarget section */
		D696CCA924A1285E00306586 /* Apple Pie */ = {
			isa = PBXNativeTarget;
			buildConfigurationList = D696CCD424A1285F00306586 /* Build configuration list for PBXNativeTarget "Apple Pie" */;
			buildPhases = (
				D696CCA624A1285E00306586 /* Sources */,
				D696CCA724A1285E00306586 /* Frameworks */,
				D696CCA824A1285E00306586 /* Resources */,
			);
			buildRules = (
			);
			dependencies = (
			);
			name = "Apple Pie";
			productName = "Apple Pie";
			productReference = D696CCAA24A1285E00306586 /* Apple Pie.app */;
			productType = "com.apple.product-type.application";
		};
		D696CCBF24A1285F00306586 /* Apple PieTests */ = {
			isa = PBXNativeTarget;
			buildConfigurationList = D696CCD724A1285F00306586 /* Build configuration list for PBXNativeTarget "Apple PieTests" */;
			buildPhases = (
				D696CCBC24A1285F00306586 /* Sources */,
				D696CCBD24A1285F00306586 /* Frameworks */,
				D696CCBE24A1285F00306586 /* Resources */,
			);
			buildRules = (
			);
			dependencies = (
				D696CCC224A1285F00306586 /* PBXTargetDependency */,
			);
			name = "Apple PieTests";
			productName = "Apple PieTests";
			productReference = D696CCC024A1285F00306586 /* Apple PieTests.xctest */;
			productType = "com.apple.product-type.bundle.unit-test";
		};
		D696CCCA24A1285F00306586 /* Apple PieUITests */ = {
			isa = PBXNativeTarget;
			buildConfigurationList = D696CCDA24A1285F00306586 /* Build configuration list for PBXNativeTarget "Apple PieUITests" */;
			buildPhases = (
				D696CCC724A1285F00306586 /* Sources */,
				D696CCC824A1285F00306586 /* Frameworks */,
				D696CCC924A1285F00306586 /* Resources */,
			);
			buildRules = (
			);
			dependencies = (
				D696CCCD24A1285F00306586 /* PBXTargetDependency */,
			);
			name = "Apple PieUITests";
			productName = "Apple PieUITests";
			productReference = D696CCCB24A1285F00306586 /* Apple PieUITests.xctest */;
			productType = "com.apple.product-type.bundle.ui-testing";
		};
/* End PBXNativeTarget section */

/* Begin PBXProject section */
		D696CCA224A1285E00306586 /* Project object */ = {
			isa = PBXProject;
			attributes = {
				LastSwiftUpdateCheck = 1150;
				LastUpgradeCheck = 1150;
				ORGANIZATIONNAME = "Anthony Huck";
				TargetAttributes = {
					D696CCA924A1285E00306586 = {
						CreatedOnToolsVersion = 11.5;
					};
					D696CCBF24A1285F00306586 = {
						CreatedOnToolsVersion = 11.5;
						TestTargetID = D696CCA924A1285E00306586;
					};
					D696CCCA24A1285F00306586 = {
						CreatedOnToolsVersion = 11.5;
						TestTargetID = D696CCA924A1285E00306586;
					};
				};
			};
			buildConfigurationList = D696CCA524A1285E00306586 /* Build configuration list for PBXProject "Apple Pie" */;
			compatibilityVersion = "Xcode 9.3";
			developmentRegion = en;
			hasScannedForEncodings = 0;
			knownRegions = (
				en,
				Base,
			);
			mainGroup = D696CCA124A1285E00306586;
			productRefGroup = D696CCAB24A1285E00306586 /* Products */;
			projectDirPath = "";
			projectRoot = "";
			targets = (
				D696CCA924A1285E00306586 /* Apple Pie */,
				D696CCBF24A1285F00306586 /* Apple PieTests */,
				D696CCCA24A1285F00306586 /* Apple PieUITests */,
			);
		};
/* End PBXProject section */

/* Begin PBXResourcesBuildPhase section */
		D696CCA824A1285E00306586 /* Resources */ = {
			isa = PBXResourcesBuildPhase;
			buildActionMask = 2147483647;
			files = (
				D696CCE024A1357A00306586 /* Tree 1.pdf in Resources */,
				D696CCBA24A1285F00306586 /* LaunchScreen.storyboard in Resources */,
				D696CCB724A1285F00306586 /* Assets.xcassets in Resources */,
				D696CCE824A1359F00306586 /* Tree 7.pdf in Resources */,
				D696CCEE24A13C4800306586 /* Tree 0.pdf in Resources */,
				D696CCEB24A1359F00306586 /* Tree 3.pdf in Resources */,
				D696CCEA24A1359F00306586 /* Tree 4.pdf in Resources */,
				D696CCEC24A1359F00306586 /* Tree 6.pdf in Resources */,
				D696CCE224A1358800306586 /* Tree 2.pdf in Resources */,
				D696CCB524A1285E00306586 /* Main.storyboard in Resources */,
				D696CCE924A1359F00306586 /* Tree 5.pdf in Resources */,
			);
			runOnlyForDeploymentPostprocessing = 0;
		};
		D696CCBE24A1285F00306586 /* Resources */ = {
			isa = PBXResourcesBuildPhase;
			buildActionMask = 2147483647;
			files = (
			);
			runOnlyForDeploymentPostprocessing = 0;
		};
		D696CCC924A1285F00306586 /* Resources */ = {
			isa = PBXResourcesBuildPhase;
			buildActionMask = 2147483647;
			files = (
			);
			runOnlyForDeploymentPostprocessing = 0;
		};
/* End PBXResourcesBuildPhase section */

/* Begin PBXSourcesBuildPhase section */
		D696CCA624A1285E00306586 /* Sources */ = {
			isa = PBXSourcesBuildPhase;
			buildActionMask = 2147483647;
			files = (
				D696CCB224A1285E00306586 /* ViewController.swift in Sources */,
				D696CCAE24A1285E00306586 /* AppDelegate.swift in Sources */,
				D696CCB024A1285E00306586 /* SceneDelegate.swift in Sources */,
				D696CCF024A1424400306586 /* Game.swift in Sources */,
			);
			runOnlyForDeploymentPostprocessing = 0;
		};
		D696CCBC24A1285F00306586 /* Sources */ = {
			isa = PBXSourcesBuildPhase;
			buildActionMask = 2147483647;
			files = (
				D696CCC524A1285F00306586 /* Apple_PieTests.swift in Sources */,
			);
			runOnlyForDeploymentPostprocessing = 0;
		};
		D696CCC724A1285F00306586 /* Sources */ = {
			isa = PBXSourcesBuildPhase;
			buildActionMask = 2147483647;
			files = (
				D696CCD024A1285F00306586 /* Apple_PieUITests.swift in Sources */,
			);
			runOnlyForDeploymentPostprocessing = 0;
		};
/* End PBXSourcesBuildPhase section */

/* Begin PBXTargetDependency section */
		D696CCC224A1285F00306586 /* PBXTargetDependency */ = {
			isa = PBXTargetDependency;
			target = D696CCA924A1285E00306586 /* Apple Pie */;
			targetProxy = D696CCC124A1285F00306586 /* PBXContainerItemProxy */;
		};
		D696CCCD24A1285F00306586 /* PBXTargetDependency */ = {
			isa = PBXTargetDependency;
			target = D696CCA924A1285E00306586 /* Apple Pie */;
			targetProxy = D696CCCC24A1285F00306586 /* PBXContainerItemProxy */;
		};
/* End PBXTargetDependency section */

/* Begin PBXVariantGroup section */
		D696CCB324A1285E00306586 /* Main.storyboard */ = {
			isa = PBXVariantGroup;
			children = (
				D696CCB424A1285E00306586 /* Base */,
			);
			name = Main.storyboard;
			sourceTree = "<group>";
		};
		D696CCB824A1285F00306586 /* LaunchScreen.storyboard */ = {
			isa = PBXVariantGroup;
			children = (
				D696CCB924A1285F00306586 /* Base */,
			);
			name = LaunchScreen.storyboard;
			sourceTree = "<group>";
		};
/* End PBXVariantGroup section */

/* Begin XCBuildConfiguration section */
		D696CCD224A1285F00306586 /* Debug */ = {
			isa = XCBuildConfiguration;
			buildSettings = {
				ALWAYS_SEARCH_USER_PATHS = NO;
				CLANG_ANALYZER_NONNULL = YES;
				CLANG_ANALYZER_NUMBER_OBJECT_CONVERSION = YES_AGGRESSIVE;
				CLANG_CXX_LANGUAGE_STANDARD = "gnu++14";
				CLANG_CXX_LIBRARY = "libc++";
				CLANG_ENABLE_MODULES = YES;
				CLANG_ENABLE_OBJC_ARC = YES;
				CLANG_ENABLE_OBJC_WEAK = YES;
				CLANG_WARN_BLOCK_CAPTURE_AUTORELEASING = YES;
				CLANG_WARN_BOOL_CONVERSION = YES;
				CLANG_WARN_COMMA = YES;
				CLANG_WARN_CONSTANT_CONVERSION = YES;
				CLANG_WARN_DEPRECATED_OBJC_IMPLEMENTATIONS = YES;
				CLANG_WARN_DIRECT_OBJC_ISA_USAGE = YES_ERROR;
				CLANG_WARN_DOCUMENTATION_COMMENTS = YES;
				CLANG_WARN_EMPTY_BODY = YES;
				CLANG_WARN_ENUM_CONVERSION = YES;
				CLANG_WARN_INFINITE_RECURSION = YES;
				CLANG_WARN_INT_CONVERSION = YES;
				CLANG_WARN_NON_LITERAL_NULL_CONVERSION = YES;
				CLANG_WARN_OBJC_IMPLICIT_RETAIN_SELF = YES;
				CLANG_WARN_OBJC_LITERAL_CONVERSION = YES;
				CLANG_WARN_OBJC_ROOT_CLASS = YES_ERROR;
				CLANG_WARN_RANGE_LOOP_ANALYSIS = YES;
				CLANG_WARN_STRICT_PROTOTYPES = YES;
				CLANG_WARN_SUSPICIOUS_MOVE = YES;
				CLANG_WARN_UNGUARDED_AVAILABILITY = YES_AGGRESSIVE;
				CLANG_WARN_UNREACHABLE_CODE = YES;
				CLANG_WARN__DUPLICATE_METHOD_MATCH = YES;
				COPY_PHASE_STRIP = NO;
				DEBUG_INFORMATION_FORMAT = dwarf;
				ENABLE_STRICT_OBJC_MSGSEND = YES;
				ENABLE_TESTABILITY = YES;
				GCC_C_LANGUAGE_STANDARD = gnu11;
				GCC_DYNAMIC_NO_PIC = NO;
				GCC_NO_COMMON_BLOCKS = YES;
				GCC_OPTIMIZATION_LEVEL = 0;
				GCC_PREPROCESSOR_DEFINITIONS = (
					"DEBUG=1",
					"$(inherited)",
				);
				GCC_WARN_64_TO_32_BIT_CONVERSION = YES;
				GCC_WARN_ABOUT_RETURN_TYPE = YES_ERROR;
				GCC_WARN_UNDECLARED_SELECTOR = YES;
				GCC_WARN_UNINITIALIZED_AUTOS = YES_AGGRESSIVE;
				GCC_WARN_UNUSED_FUNCTION = YES;
				GCC_WARN_UNUSED_VARIABLE = YES;
				IPHONEOS_DEPLOYMENT_TARGET = 13.5;
				MTL_ENABLE_DEBUG_INFO = INCLUDE_SOURCE;
				MTL_FAST_MATH = YES;
				ONLY_ACTIVE_ARCH = YES;
				SDKROOT = iphoneos;
				SWIFT_ACTIVE_COMPILATION_CONDITIONS = DEBUG;
				SWIFT_OPTIMIZATION_LEVEL = "-Onone";
			};
			name = Debug;
		};
		D696CCD324A1285F00306586 /* Release */ = {
			isa = XCBuildConfiguration;
			buildSettings = {
				ALWAYS_SEARCH_USER_PATHS = NO;
				CLANG_ANALYZER_NONNULL = YES;
				CLANG_ANALYZER_NUMBER_OBJECT_CONVERSION = YES_AGGRESSIVE;
				CLANG_CXX_LANGUAGE_STANDARD = "gnu++14";
				CLANG_CXX_LIBRARY = "libc++";
				CLANG_ENABLE_MODULES = YES;
				CLANG_ENABLE_OBJC_ARC = YES;
				CLANG_ENABLE_OBJC_WEAK = YES;
				CLANG_WARN_BLOCK_CAPTURE_AUTORELEASING = YES;
				CLANG_WARN_BOOL_CONVERSION = YES;
				CLANG_WARN_COMMA = YES;
				CLANG_WARN_CONSTANT_CONVERSION = YES;
				CLANG_WARN_DEPRECATED_OBJC_IMPLEMENTATIONS = YES;
				CLANG_WARN_DIRECT_OBJC_ISA_USAGE = YES_ERROR;
				CLANG_WARN_DOCUMENTATION_COMMENTS = YES;
				CLANG_WARN_EMPTY_BODY = YES;
				CLANG_WARN_ENUM_CONVERSION = YES;
				CLANG_WARN_INFINITE_RECURSION = YES;
				CLANG_WARN_INT_CONVERSION = YES;
				CLANG_WARN_NON_LITERAL_NULL_CONVERSION = YES;
				CLANG_WARN_OBJC_IMPLICIT_RETAIN_SELF = YES;
				CLANG_WARN_OBJC_LITERAL_CONVERSION = YES;
				CLANG_WARN_OBJC_ROOT_CLASS = YES_ERROR;
				CLANG_WARN_RANGE_LOOP_ANALYSIS = YES;
				CLANG_WARN_STRICT_PROTOTYPES = YES;
				CLANG_WARN_SUSPICIOUS_MOVE = YES;
				CLANG_WARN_UNGUARDED_AVAILABILITY = YES_AGGRESSIVE;
				CLANG_WARN_UNREACHABLE_CODE = YES;
				CLANG_WARN__DUPLICATE_METHOD_MATCH = YES;
				COPY_PHASE_STRIP = NO;
				DEBUG_INFORMATION_FORMAT = "dwarf-with-dsym";
				ENABLE_NS_ASSERTIONS = NO;
				ENABLE_STRICT_OBJC_MSGSEND = YES;
				GCC_C_LANGUAGE_STANDARD = gnu11;
				GCC_NO_COMMON_BLOCKS = YES;
				GCC_WARN_64_TO_32_BIT_CONVERSION = YES;
				GCC_WARN_ABOUT_RETURN_TYPE = YES_ERROR;
				GCC_WARN_UNDECLARED_SELECTOR = YES;
				GCC_WARN_UNINITIALIZED_AUTOS = YES_AGGRESSIVE;
				GCC_WARN_UNUSED_FUNCTION = YES;
				GCC_WARN_UNUSED_VARIABLE = YES;
				IPHONEOS_DEPLOYMENT_TARGET = 13.5;
				MTL_ENABLE_DEBUG_INFO = NO;
				MTL_FAST_MATH = YES;
				SDKROOT = iphoneos;
				SWIFT_COMPILATION_MODE = wholemodule;
				SWIFT_OPTIMIZATION_LEVEL = "-O";
				VALIDATE_PRODUCT = YES;
			};
			name = Release;
		};
		D696CCD524A1285F00306586 /* Debug */ = {
			isa = XCBuildConfiguration;
			buildSettings = {
				ASSETCATALOG_COMPILER_APPICON_NAME = AppIcon;
				CODE_SIGN_STYLE = Automatic;
				INFOPLIST_FILE = "Apple Pie/Info.plist";
				IPHONEOS_DEPLOYMENT_TARGET = 13.5;
				LD_RUNPATH_SEARCH_PATHS = (
					"$(inherited)",
					"@executable_path/Frameworks",
				);
				PRODUCT_BUNDLE_IDENTIFIER = "com.example.Apple-Pie";
				PRODUCT_NAME = "$(TARGET_NAME)";
				SWIFT_VERSION = 5.0;
				TARGETED_DEVICE_FAMILY = 2;
			};
			name = Debug;
		};
		D696CCD624A1285F00306586 /* Release */ = {
			isa = XCBuildConfiguration;
			buildSettings = {
				ASSETCATALOG_COMPILER_APPICON_NAME = AppIcon;
				CODE_SIGN_STYLE = Automatic;
				INFOPLIST_FILE = "Apple Pie/Info.plist";
				IPHONEOS_DEPLOYMENT_TARGET = 13.5;
				LD_RUNPATH_SEARCH_PATHS = (
					"$(inherited)",
					"@executable_path/Frameworks",
				);
				PRODUCT_BUNDLE_IDENTIFIER = "com.example.Apple-Pie";
				PRODUCT_NAME = "$(TARGET_NAME)";
				SWIFT_VERSION = 5.0;
				TARGETED_DEVICE_FAMILY = 2;
			};
			name = Release;
		};
		D696CCD824A1285F00306586 /* Debug */ = {
			isa = XCBuildConfiguration;
			buildSettings = {
				ALWAYS_EMBED_SWIFT_STANDARD_LIBRARIES = YES;
				BUNDLE_LOADER = "$(TEST_HOST)";
				CODE_SIGN_STYLE = Automatic;
				INFOPLIST_FILE = "Apple PieTests/Info.plist";
				IPHONEOS_DEPLOYMENT_TARGET = 13.5;
				LD_RUNPATH_SEARCH_PATHS = (
					"$(inherited)",
					"@executable_path/Frameworks",
					"@loader_path/Frameworks",
				);
				PRODUCT_BUNDLE_IDENTIFIER = "com.example.Apple-PieTests";
				PRODUCT_NAME = "$(TARGET_NAME)";
				SWIFT_VERSION = 5.0;
				TARGETED_DEVICE_FAMILY = "1,2";
				TEST_HOST = "$(BUILT_PRODUCTS_DIR)/Apple Pie.app/Apple Pie";
			};
			name = Debug;
		};
		D696CCD924A1285F00306586 /* Release */ = {
			isa = XCBuildConfiguration;
			buildSettings = {
				ALWAYS_EMBED_SWIFT_STANDARD_LIBRARIES = YES;
				BUNDLE_LOADER = "$(TEST_HOST)";
				CODE_SIGN_STYLE = Automatic;
				INFOPLIST_FILE = "Apple PieTests/Info.plist";
				IPHONEOS_DEPLOYMENT_TARGET = 13.5;
				LD_RUNPATH_SEARCH_PATHS = (
					"$(inherited)",
					"@executable_path/Frameworks",
					"@loader_path/Frameworks",
				);
				PRODUCT_BUNDLE_IDENTIFIER = "com.example.Apple-PieTests";
				PRODUCT_NAME = "$(TARGET_NAME)";
				SWIFT_VERSION = 5.0;
				TARGETED_DEVICE_FAMILY = "1,2";
				TEST_HOST = "$(BUILT_PRODUCTS_DIR)/Apple Pie.app/Apple Pie";
			};
			name = Release;
		};
		D696CCDB24A1285F00306586 /* Debug */ = {
			isa = XCBuildConfiguration;
			buildSettings = {
				ALWAYS_EMBED_SWIFT_STANDARD_LIBRARIES = YES;
				CODE_SIGN_STYLE = Automatic;
				INFOPLIST_FILE = "Apple PieUITests/Info.plist";
				LD_RUNPATH_SEARCH_PATHS = (
					"$(inherited)",
					"@executable_path/Frameworks",
					"@loader_path/Frameworks",
				);
				PRODUCT_BUNDLE_IDENTIFIER = "com.example.Apple-PieUITests";
				PRODUCT_NAME = "$(TARGET_NAME)";
				SWIFT_VERSION = 5.0;
				TARGETED_DEVICE_FAMILY = "1,2";
				TEST_TARGET_NAME = "Apple Pie";
			};
			name = Debug;
		};
		D696CCDC24A1285F00306586 /* Release */ = {
			isa = XCBuildConfiguration;
			buildSettings = {
				ALWAYS_EMBED_SWIFT_STANDARD_LIBRARIES = YES;
				CODE_SIGN_STYLE = Automatic;
				INFOPLIST_FILE = "Apple PieUITests/Info.plist";
				LD_RUNPATH_SEARCH_PATHS = (
					"$(inherited)",
					"@executable_path/Frameworks",
					"@loader_path/Frameworks",
				);
				PRODUCT_BUNDLE_IDENTIFIER = "com.example.Apple-PieUITests";
				PRODUCT_NAME = "$(TARGET_NAME)";
				SWIFT_VERSION = 5.0;
				TARGETED_DEVICE_FAMILY = "1,2";
				TEST_TARGET_NAME = "Apple Pie";
			};
			name = Release;
		};
/* End XCBuildConfiguration section */

/* Begin XCConfigurationList section */
		D696CCA524A1285E00306586 /* Build configuration list for PBXProject "Apple Pie" */ = {
			isa = XCConfigurationList;
			buildConfigurations = (
				D696CCD224A1285F00306586 /* Debug */,
				D696CCD324A1285F00306586 /* Release */,
			);
			defaultConfigurationIsVisible = 0;
			defaultConfigurationName = Release;
		};
		D696CCD424A1285F00306586 /* Build configuration list for PBXNativeTarget "Apple Pie" */ = {
			isa = XCConfigurationList;
			buildConfigurations = (
				D696CCD524A1285F00306586 /* Debug */,
				D696CCD624A1285F00306586 /* Release */,
			);
			defaultConfigurationIsVisible = 0;
			defaultConfigurationName = Release;
		};
		D696CCD724A1285F00306586 /* Build configuration list for PBXNativeTarget "Apple PieTests" */ = {
			isa = XCConfigurationList;
			buildConfigurations = (
				D696CCD824A1285F00306586 /* Debug */,
				D696CCD924A1285F00306586 /* Release */,
			);
			defaultConfigurationIsVisible = 0;
			defaultConfigurationName = Release;
		};
		D696CCDA24A1285F00306586 /* Build configuration list for PBXNativeTarget "Apple PieUITests" */ = {
			isa = XCConfigurationList;
			buildConfigurations = (
				D696CCDB24A1285F00306586 /* Debug */,
				D696CCDC24A1285F00306586 /* Release */,
			);
			defaultConfigurationIsVisible = 0;
			defaultConfigurationName = Release;
		};
/* End XCConfigurationList section */
	};
	rootObject = D696CCA224A1285E00306586 /* Project object */;
}
